// !$*UTF8*$!
{
	archiveVersion = 1;
	classes = {
	};
	objectVersion = 46;
	objects = {

/* Begin PBXBuildFile section */
		315B087D1A74987300C5D126 /* main.m in Sources */ = {isa = PBXBuildFile; fileRef = 315B087C1A74987300C5D126 /* main.m */; };
		315B08801A74987300C5D126 /* AppDelegate.m in Sources */ = {isa = PBXBuildFile; fileRef = 315B087F1A74987300C5D126 /* AppDelegate.m */; };
		315B08831A74987300C5D126 /* ViewController.m in Sources */ = {isa = PBXBuildFile; fileRef = 315B08821A74987300C5D126 /* ViewController.m */; };
		315B08861A74987300C5D126 /* Main.storyboard in Resources */ = {isa = PBXBuildFile; fileRef = 315B08841A74987300C5D126 /* Main.storyboard */; };
		315B08881A74987300C5D126 /* Images.xcassets in Resources */ = {isa = PBXBuildFile; fileRef = 315B08871A74987300C5D126 /* Images.xcassets */; };
		315B088B1A74987300C5D126 /* LaunchScreen.xib in Resources */ = {isa = PBXBuildFile; fileRef = 315B08891A74987300C5D126 /* LaunchScreen.xib */; };
		315B08971A74987300C5D126 /* ToDoListTests.m in Sources */ = {isa = PBXBuildFile; fileRef = 315B08961A74987300C5D126 /* ToDoListTests.m */; };
/* End PBXBuildFile section */

/* Begin PBXContainerItemProxy section */
		315B08911A74987300C5D126 /* PBXContainerItemProxy */ = {
			isa = PBXContainerItemProxy;
			containerPortal = 315B086F1A74987300C5D126 /* Project object */;
			proxyType = 1;
			remoteGlobalIDString = 315B08761A74987300C5D126;
			remoteInfo = ToDoList;
		};
/* End PBXContainerItemProxy section */

/* Begin PBXFileReference section */
		315B08771A74987300C5D126 /* ToDoList.app */ = {isa = PBXFileReference; explicitFileType = wrapper.application; includeInIndex = 0; path = ToDoList.app; sourceTree = BUILT_PRODUCTS_DIR; };
		315B087B1A74987300C5D126 /* Info.plist */ = {isa = PBXFileReference; lastKnownFileType = text.plist.xml; path = Info.plist; sourceTree = "<group>"; };
		315B087C1A74987300C5D126 /* main.m */ = {isa = PBXFileReference; lastKnownFileType = sourcecode.c.objc; path = main.m; sourceTree = "<group>"; };
		315B087E1A74987300C5D126 /* AppDelegate.h */ = {isa = PBXFileReference; lastKnownFileType = sourcecode.c.h; path = AppDelegate.h; sourceTree = "<group>"; };
		315B087F1A74987300C5D126 /* AppDelegate.m */ = {isa = PBXFileReference; lastKnownFileType = sourcecode.c.objc; path = AppDelegate.m; sourceTree = "<group>"; };
		315B08811A74987300C5D126 /* ViewController.h */ = {isa = PBXFileReference; lastKnownFileType = sourcecode.c.h; path = ViewController.h; sourceTree = "<group>"; };
		315B08821A74987300C5D126 /* ViewController.m */ = {isa = PBXFileReference; lastKnownFileType = sourcecode.c.objc; path = ViewController.m; sourceTree = "<group>"; };
		315B08851A74987300C5D126 /* Base */ = {isa = PBXFileReference; lastKnownFileType = file.storyboard; name = Base; path = Base.lproj/Main.storyboard; sourceTree = "<group>"; };
		315B08871A74987300C5D126 /* Images.xcassets */ = {isa = PBXFileReference; lastKnownFileType = folder.assetcatalog; path = Images.xcassets; sourceTree = "<group>"; };
		315B088A1A74987300C5D126 /* Base */ = {isa = PBXFileReference; lastKnownFileType = file.xib; name = Base; path = Base.lproj/LaunchScreen.xib; sourceTree = "<group>"; };
		315B08901A74987300C5D126 /* ToDoListTests.xctest */ = {isa = PBXFileReference; explicitFileType = wrapper.cfbundle; includeInIndex = 0; path = ToDoListTests.xctest; sourceTree = BUILT_PRODUCTS_DIR; };
		315B08951A74987300C5D126 /* Info.plist */ = {isa = PBXFileReference; lastKnownFileType = text.plist.xml; path = Info.plist; sourceTree = "<group>"; };
		315B08961A74987300C5D126 /* ToDoListTests.m */ = {isa = PBXFileReference; lastKnownFileType = sourcecode.c.objc; path = ToDoListTests.m; sourceTree = "<group>"; };
/* End PBXFileReference section */

/* Begin PBXFrameworksBuildPhase section */
		315B08741A74987300C5D126 /* Frameworks */ = {
			isa = PBXFrameworksBuildPhase;
			buildActionMask = 2147483647;
			files = (
			);
			runOnlyForDeploymentPostprocessing = 0;
		};
		315B088D1A74987300C5D126 /* Frameworks */ = {
			isa = PBXFrameworksBuildPhase;
			buildActionMask = 2147483647;
			files = (
			);
			runOnlyForDeploymentPostprocessing = 0;
		};
/* End PBXFrameworksBuildPhase section */

/* Begin PBXGroup section */
		315B086E1A74987300C5D126 = {
			isa = PBXGroup;
			children = (
				315B08791A74987300C5D126 /* ToDoList */,
				315B08931A74987300C5D126 /* ToDoListTests */,
				315B08781A74987300C5D126 /* Products */,
			);
			sourceTree = "<group>";
		};
		315B08781A74987300C5D126 /* Products */ = {
			isa = PBXGroup;
			children = (
				315B08771A74987300C5D126 /* ToDoList.app */,
				315B08901A74987300C5D126 /* ToDoListTests.xctest */,
			);
			name = Products;
			sourceTree = "<group>";
		};
		315B08791A74987300C5D126 /* ToDoList */ = {
			isa = PBXGroup;
			children = (
				315B087E1A74987300C5D126 /* AppDelegate.h */,
				315B087F1A74987300C5D126 /* AppDelegate.m */,
				315B08811A74987300C5D126 /* ViewController.h */,
				315B08821A74987300C5D126 /* ViewController.m */,
				315B08841A74987300C5D126 /* Main.storyboard */,
				315B08871A74987300C5D126 /* Images.xcassets */,
				315B08891A74987300C5D126 /* LaunchScreen.xib */,
				315B087A1A74987300C5D126 /* Supporting Files */,
			);
			path = ToDoList;
			sourceTree = "<group>";
		};
		315B087A1A74987300C5D126 /* Supporting Files */ = {
			isa = PBXGroup;
			children = (
				315B087B1A74987300C5D126 /* Info.plist */,
				315B087C1A74987300C5D126 /* main.m */,
			);
			name = "Supporting Files";
			sourceTree = "<group>";
		};
		315B08931A74987300C5D126 /* ToDoListTests */ = {
			isa = PBXGroup;
			children = (
				315B08961A74987300C5D126 /* ToDoListTests.m */,
				315B08941A74987300C5D126 /* Supporting Files */,
			);
			path = ToDoListTests;
			sourceTree = "<group>";
		};
		315B08941A74987300C5D126 /* Supporting Files */ = {
			isa = PBXGroup;
			children = (
				315B08951A74987300C5D126 /* Info.plist */,
			);
			name = "Supporting Files";
			sourceTree = "<group>";
		};
/* End PBXGroup section */

/* Begin PBXNativeTarget section */
		315B08761A74987300C5D126 /* ToDoList */ = {
			isa = PBXNativeTarget;
			buildConfigurationList = 315B089A1A74987300C5D126 /* Build configuration list for PBXNativeTarget "ToDoList" */;
			buildPhases = (
				315B08731A74987300C5D126 /* Sources */,
				315B08741A74987300C5D126 /* Frameworks */,
				315B08751A74987300C5D126 /* Resources */,
			);
			buildRules = (
			);
			dependencies = (
			);
			name = ToDoList;
			productName = ToDoList;
			productReference = 315B08771A74987300C5D126 /* ToDoList.app */;
			productType = "com.apple.product-type.application";
		};
		315B088F1A74987300C5D126 /* ToDoListTests */ = {
			isa = PBXNativeTarget;
			buildConfigurationList = 315B089D1A74987300C5D126 /* Build configuration list for PBXNativeTarget "ToDoListTests" */;
			buildPhases = (
				315B088C1A74987300C5D126 /* Sources */,
				315B088D1A74987300C5D126 /* Frameworks */,
				315B088E1A74987300C5D126 /* Resources */,
			);
			buildRules = (
			);
			dependencies = (
				315B08921A74987300C5D126 /* PBXTargetDependency */,
			);
			name = ToDoListTests;
			productName = ToDoListTests;
			productReference = 315B08901A74987300C5D126 /* ToDoListTests.xctest */;
			productType = "com.apple.product-type.bundle.unit-test";
		};
/* End PBXNativeTarget section */

/* Begin PBXProject section */
		315B086F1A74987300C5D126 /* Project object */ = {
			isa = PBXProject;
			attributes = {
				LastUpgradeCheck = 0610;
				ORGANIZATIONNAME = ajchang;
				TargetAttributes = {
					315B08761A74987300C5D126 = {
						CreatedOnToolsVersion = 6.1.1;
					};
					315B088F1A74987300C5D126 = {
						CreatedOnToolsVersion = 6.1.1;
						TestTargetID = 315B08761A74987300C5D126;
					};
				};
			};
			buildConfigurationList = 315B08721A74987300C5D126 /* Build configuration list for PBXProject "ToDoList" */;
			compatibilityVersion = "Xcode 3.2";
			developmentRegion = English;
			hasScannedForEncodings = 0;
			knownRegions = (
				en,
				Base,
			);
			mainGroup = 315B086E1A74987300C5D126;
			productRefGroup = 315B08781A74987300C5D126 /* Products */;
			projectDirPath = "";
			projectRoot = "";
			targets = (
				315B08761A74987300C5D126 /* ToDoList */,
				315B088F1A74987300C5D126 /* ToDoListTests */,
			);
		};
/* End PBXProject section */

/* Begin PBXResourcesBuildPhase section */
		315B08751A74987300C5D126 /* Resources */ = {
			isa = PBXResourcesBuildPhase;
			buildActionMask = 2147483647;
			files = (
				315B08861A74987300C5D126 /* Main.storyboard in Resources */,
				315B088B1A74987300C5D126 /* LaunchScreen.xib in Resources */,
				315B08881A74987300C5D126 /* Images.xcassets in Resources */,
			);
			runOnlyForDeploymentPostprocessing = 0;
		};
		315B088E1A74987300C5D126 /* Resources */ = {
			isa = PBXResourcesBuildPhase;
			buildActionMask = 2147483647;
			files = (
			);
			runOnlyForDeploymentPostprocessing = 0;
		};
/* End PBXResourcesBuildPhase section */

/* Begin PBXSourcesBuildPhase section */
		315B08731A74987300C5D126 /* Sources */ = {
			isa = PBXSourcesBuildPhase;
			buildActionMask = 2147483647;
			files = (
				315B08831A74987300C5D126 /* ViewController.m in Sources */,
				315B08801A74987300C5D126 /* AppDelegate.m in Sources */,
				315B087D1A74987300C5D126 /* main.m in Sources */,
			);
			runOnlyForDeploymentPostprocessing = 0;
		};
		315B088C1A74987300C5D126 /* Sources */ = {
			isa = PBXSourcesBuildPhase;
			buildActionMask = 2147483647;
			files = (
				315B08971A74987300C5D126 /* ToDoListTests.m in Sources */,
			);
			runOnlyForDeploymentPostprocessing = 0;
		};
/* End PBXSourcesBuildPhase section */

/* Begin PBXTargetDependency section */
		315B08921A74987300C5D126 /* PBXTargetDependency */ = {
			isa = PBXTargetDependency;
			target = 315B08761A74987300C5D126 /* ToDoList */;
			targetProxy = 315B08911A74987300C5D126 /* PBXContainerItemProxy */;
		};
/* End PBXTargetDependency section */

/* Begin PBXVariantGroup section */
		315B08841A74987300C5D126 /* Main.storyboard */ = {
			isa = PBXVariantGroup;
			children = (
				315B08851A74987300C5D126 /* Base */,
			);
			name = Main.storyboard;
			sourceTree = "<group>";
		};
		315B08891A74987300C5D126 /* LaunchScreen.xib */ = {
			isa = PBXVariantGroup;
			children = (
				315B088A1A74987300C5D126 /* Base */,
			);
			name = LaunchScreen.xib;
			sourceTree = "<group>";
		};
/* End PBXVariantGroup section */

/* Begin XCBuildConfiguration section */
		315B08981A74987300C5D126 /* Debug */ = {
			isa = XCBuildConfiguration;
			buildSettings = {
				ALWAYS_SEARCH_USER_PATHS = NO;
				CLANG_CXX_LANGUAGE_STANDARD = "gnu++0x";
				CLANG_CXX_LIBRARY = "libc++";
				CLANG_ENABLE_MODULES = YES;
				CLANG_ENABLE_OBJC_ARC = YES;
				CLANG_WARN_BOOL_CONVERSION = YES;
				CLANG_WARN_CONSTANT_CONVERSION = YES;
				CLANG_WARN_DIRECT_OBJC_ISA_USAGE = YES_ERROR;
				CLANG_WARN_EMPTY_BODY = YES;
				CLANG_WARN_ENUM_CONVERSION = YES;
				CLANG_WARN_INT_CONVERSION = YES;
				CLANG_WARN_OBJC_ROOT_CLASS = YES_ERROR;
				CLANG_WARN_UNREACHABLE_CODE = YES;
				CLANG_WARN__DUPLICATE_METHOD_MATCH = YES;
				"CODE_SIGN_IDENTITY[sdk=iphoneos*]" = "iPhone Developer";
				COPY_PHASE_STRIP = NO;
				ENABLE_STRICT_OBJC_MSGSEND = YES;
				GCC_C_LANGUAGE_STANDARD = gnu99;
				GCC_DYNAMIC_NO_PIC = NO;
				GCC_OPTIMIZATION_LEVEL = 0;
				GCC_PREPROCESSOR_DEFINITIONS = (
					"DEBUG=1",
					"$(inherited)",
				);
				GCC_SYMBOLS_PRIVATE_EXTERN = NO;
				GCC_WARN_64_TO_32_BIT_CONVERSION = YES;
				GCC_WARN_ABOUT_RETURN_TYPE = YES_ERROR;
				GCC_WARN_UNDECLARED_SELECTOR = YES;
				GCC_WARN_UNINITIALIZED_AUTOS = YES_AGGRESSIVE;
				GCC_WARN_UNUSED_FUNCTION = YES;
				GCC_WARN_UNUSED_VARIABLE = YES;
				IPHONEOS_DEPLOYMENT_TARGET = 8.1;
				MTL_ENABLE_DEBUG_INFO = YES;
				ONLY_ACTIVE_ARCH = YES;
				SDKROOT = iphoneos;
				TARGETED_DEVICE_FAMILY = "1,2";
			};
			name = Debug;
		};
		315B08991A74987300C5D126 /* Release */ = {
			isa = XCBuildConfiguration;
			buildSettings = {
				ALWAYS_SEARCH_USER_PATHS = NO;
				CLANG_CXX_LANGUAGE_STANDARD = "gnu++0x";
				CLANG_CXX_LIBRARY = "libc++";
				CLANG_ENABLE_MODULES = YES;
				CLANG_ENABLE_OBJC_ARC = YES;
				CLANG_WARN_BOOL_CONVERSION = YES;
				CLANG_WARN_CONSTANT_CONVERSION = YES;
				CLANG_WARN_DIRECT_OBJC_ISA_USAGE = YES_ERROR;
				CLANG_WARN_EMPTY_BODY = YES;
				CLANG_WARN_ENUM_CONVERSION = YES;
				CLANG_WARN_INT_CONVERSION = YES;
				CLANG_WARN_OBJC_ROOT_CLASS = YES_ERROR;
				CLANG_WARN_UNREACHABLE_CODE = YES;
				CLANG_WARN__DUPLICATE_METHOD_MATCH = YES;
				"CODE_SIGN_IDENTITY[sdk=iphoneos*]" = "iPhone Developer";
				COPY_PHASE_STRIP = YES;
				ENABLE_NS_ASSERTIONS = NO;
				ENABLE_STRICT_OBJC_MSGSEND = YES;
				GCC_C_LANGUAGE_STANDARD = gnu99;
				GCC_WARN_64_TO_32_BIT_CONVERSION = YES;
				GCC_WARN_ABOUT_RETURN_TYPE = YES_ERROR;
				GCC_WARN_UNDECLARED_SELECTOR = YES;
				GCC_WARN_UNINITIALIZED_AUTOS = YES_AGGRESSIVE;
				GCC_WARN_UNUSED_FUNCTION = YES;
				GCC_WARN_UNUSED_VARIABLE = YES;
				IPHONEOS_DEPLOYMENT_TARGET = 8.1;
				MTL_ENABLE_DEBUG_INFO = NO;
				SDKROOT = iphoneos;
				TARGETED_DEVICE_FAMILY = "1,2";
				VALIDATE_PRODUCT = YES;
			};
			name = Release;
		};
		315B089B1A74987300C5D126 /* Debug */ = {
			isa = XCBuildConfiguration;
			buildSettings = {
				ASSETCATALOG_COMPILER_APPICON_NAME = AppIcon;
				INFOPLIST_FILE = ToDoList/Info.plist;
				LD_RUNPATH_SEARCH_PATHS = "$(inherited) @executable_path/Frameworks";
				PRODUCT_NAME = "$(TARGET_NAME)";
			};
			name = Debug;
		};
		315B089C1A74987300C5D126 /* Release */ = {
			isa = XCBuildConfiguration;
			buildSettings = {
				ASSETCATALOG_COMPILER_APPICON_NAME = AppIcon;
				INFOPLIST_FILE = ToDoList/Info.plist;
				LD_RUNPATH_SEARCH_PATHS = "$(inherited) @executable_path/Frameworks";
				PRODUCT_NAME = "$(TARGET_NAME)";
			};
			name = Release;
		};
		315B089E1A74987300C5D126 /* Debug */ = {
			isa = XCBuildConfiguration;
			buildSettings = {
				BUNDLE_LOADER = "$(TEST_HOST)";
				FRAMEWORK_SEARCH_PATHS = (
					"$(SDKROOT)/Developer/Library/Frameworks",
					"$(inherited)",
				);
				GCC_PREPROCESSOR_DEFINITIONS = (
					"DEBUG=1",
					"$(inherited)",
				);
				INFOPLIST_FILE = ToDoListTests/Info.plist;
				LD_RUNPATH_SEARCH_PATHS = "$(inherited) @executable_path/Frameworks @loader_path/Frameworks";
				PRODUCT_NAME = "$(TARGET_NAME)";
				TEST_HOST = "$(BUILT_PRODUCTS_DIR)/ToDoList.app/ToDoList";
			};
			name = Debug;
		};
		315B089F1A74987300C5D126 /* Release */ = {
			isa = XCBuildConfiguration;
			buildSettings = {
				BUNDLE_LOADER = "$(TEST_HOST)";
				FRAMEWORK_SEARCH_PATHS = (
					"$(SDKROOT)/Developer/Library/Frameworks",
					"$(inherited)",
				);
				INFOPLIST_FILE = ToDoListTests/Info.plist;
				LD_RUNPATH_SEARCH_PATHS = "$(inherited) @executable_path/Frameworks @loader_path/Frameworks";
				PRODUCT_NAME = "$(TARGET_NAME)";
				TEST_HOST = "$(BUILT_PRODUCTS_DIR)/ToDoList.app/ToDoList";
			};
			name = Release;
		};
/* End XCBuildConfiguration section */

/* Begin XCConfigurationList section */
		315B08721A74987300C5D126 /* Build configuration list for PBXProject "ToDoList" */ = {
			isa = XCConfigurationList;
			buildConfigurations = (
				315B08981A74987300C5D126 /* Debug */,
				315B08991A74987300C5D126 /* Release */,
			);
			defaultConfigurationIsVisible = 0;
			defaultConfigurationName = Release;
		};
		315B089A1A74987300C5D126 /* Build configuration list for PBXNativeTarget "ToDoList" */ = {
			isa = XCConfigurationList;
			buildConfigurations = (
				315B089B1A74987300C5D126 /* Debug */,
				315B089C1A74987300C5D126 /* Release */,
			);
			defaultConfigurationIsVisible = 0;
		};
		315B089D1A74987300C5D126 /* Build configuration list for PBXNativeTarget "ToDoListTests" */ = {
			isa = XCConfigurationList;
			buildConfigurations = (
				315B089E1A74987300C5D126 /* Debug */,
				315B089F1A74987300C5D126 /* Release */,
			);
			defaultConfigurationIsVisible = 0;
		};
/* End XCConfigurationList section */
	};
	rootObject = 315B086F1A74987300C5D126 /* Project object */;
}
